<?xml version="1.0" encoding="utf-8"?>
<Project ToolsVersion="4.0" xmlns="http://schemas.microsoft.com/developer/msbuild/2003">
  <ItemGroup>
    <Filter Include="Source Files">
      <UniqueIdentifier>{4FC737F1-C7A5-4376-A066-2A32D752A2FF}</UniqueIdentifier>
      <Extensions>cpp;c;cc;cxx;def;odl;idl;hpj;bat;asm;asmx</Extensions>
    </Filter>
    <Filter Include="Header Files">
      <UniqueIdentifier>{93995380-89BD-4b04-88EB-625FBE52EBFB}</UniqueIdentifier>
      <Extensions>h;hh;hpp;hxx;hm;inl;inc;xsd</Extensions>
    </Filter>
    <Filter Include="Resource Files">
      <UniqueIdentifier>{67DA6AB6-F800-4c08-8B7A-83BB121AAD01}</UniqueIdentifier>
      <Extensions>rc;ico;cur;bmp;dlg;rc2;rct;bin;rgs;gif;jpg;jpeg;jpe;resx;tiff;tif;png;wav;mfcribbon-ms</Extensions>
    </Filter>
  </ItemGroup>
  <ItemGroup>
    <ClInclude Include="resource.h">
      <Filter>Header Files</Filter>
    </ClInclude>
    <ClInclude Include="WICViewerD2D.h">
      <Filter>Header Files</Filter>
    </ClInclude>
    <ClInclude Include="DOMNode.h">
      <Filter>Header Files</Filter>
    </ClInclude>
    <ClInclude Include="parseHTML.h">
      <Filter>Header Files</Filter>
    </ClInclude>
    <ClInclude Include="lcase.h">
      <Filter>Header Files</Filter>
    </ClInclude>
    <ClInclude Include="readTextFile.h">
      <Filter>Header Files</Filter>
    </ClInclude>
    <ClInclude Include="whspace.h">
      <Filter>Header Files</Filter>
    </ClInclude>
    <ClInclude Include="basewin.h">
      <Filter>Header Files</Filter>
    </ClInclude>
    <ClInclude Include="parser.h">
      <Filter>Header Files</Filter>
    </ClInclude>
    <ClInclude Include="parseCSS.h">
      <Filter>Header Files</Filter>
    </ClInclude>
    <ClInclude Include="splitString.h">
      <Filter>Header Files</Filter>
    </ClInclude>
    <ClInclude Include="substrReplace.h">
      <Filter>Header Files</Filter>
    </ClInclude>
    <ClInclude Include="drawDOMNode.h">
      <Filter>Header Files</Filter>
    </ClInclude>
    <ClInclude Include="RedBlackTree.h">
      <Filter>Header Files</Filter>
    </ClInclude>
    <ClInclude Include="SlabDecomposition.h">
      <Filter>Header Files</Filter>
    </ClInclude>
    <ClInclude Include="fileWatcher.h">
      <Filter>Header Files</Filter>
    </ClInclude>
    <ClInclude Include="LoadBitmapFromFile.h">
      <Filter>Header Files</Filter>
    </ClInclude>
    <ClInclude Include="JSExec.h">
      <Filter>Header Files</Filter>
    </ClInclude>
    <ClInclude Include="..\..\Users\josha\Downloads\curl-7.75.0_4-win64-mingw\curl-7.75.0-win64-mingw\include\curl\curl.h">
      <Filter>Header Files</Filter>
    </ClInclude>
    <ClInclude Include="httpGet.h">
      <Filter>Header Files</Filter>
    </ClInclude>
  </ItemGroup>
  <ItemGroup>
    <ClCompile Include="mainGUI.cpp">
      <Filter>Source Files</Filter>
    </ClCompile>
    <ClCompile Include="main.cpp">
      <Filter>Source Files</Filter>
    </ClCompile>
    <ClCompile Include="readTextFile.cpp">
      <Filter>Source Files</Filter>
    </ClCompile>
    <ClCompile Include="parseCSS.cpp">
      <Filter>Source Files</Filter>
    </ClCompile>
    <ClCompile Include="parseHTML.cpp">
      <Filter>Source Files</Filter>
    </ClCompile>
    <ClCompile Include="splitString.cpp">
      <Filter>Source Files</Filter>
    </ClCompile>
    <ClCompile Include="whspace.cpp">
      <Filter>Source Files</Filter>
    </ClCompile>
    <ClCompile Include="parser.cpp">
      <Filter>Source Files</Filter>
    </ClCompile>
    <ClCompile Include="SlabDecomposition.cpp">
      <Filter>Source Files</Filter>
    </ClCompile>
    <ClCompile Include="lcase.cpp">
      <Filter>Source Files</Filter>
    </ClCompile>
    <ClCompile Include="drawDOMNode.cpp">
      <Filter>Source Files</Filter>
    </ClCompile>
    <ClCompile Include="substrReplace.cpp">
      <Filter>Source Files</Filter>
    </ClCompile>
    <ClCompile Include="LoadBitmapFromFile.cpp">
      <Filter>Source Files</Filter>
    </ClCompile>
    <ClCompile Include="WICViewerD2D.cpp">
      <Filter>Source Files</Filter>
    </ClCompile>
    <ClCompile Include="RedBlackTree.cpp">
      <Filter>Source Files</Filter>
    </ClCompile>
    <ClCompile Include="JSExec.cpp">
      <Filter>Source Files</Filter>
    </ClCompile>
    <ClCompile Include="httpGet.cpp">
      <Filter>Source Files</Filter>
    </ClCompile>
  </ItemGroup>
</Project>